// !$*UTF8*$!
{
	archiveVersion = 1;
	classes = {
	};
	objectVersion = 55;
	objects = {

/* Begin PBXBuildFile section */
		A203C1A328CCC999004B90ED /* TextViews.swift in Sources */ = {isa = PBXBuildFile; fileRef = A203C1A228CCC999004B90ED /* TextViews.swift */; };
		A20D0D4728CB2ED5009D3DA8 /* Bulls_EyeApp.swift in Sources */ = {isa = PBXBuildFile; fileRef = A20D0D4628CB2ED5009D3DA8 /* Bulls_EyeApp.swift */; };
		A20D0D4928CB2ED5009D3DA8 /* ContentView.swift in Sources */ = {isa = PBXBuildFile; fileRef = A20D0D4828CB2ED5009D3DA8 /* ContentView.swift */; };
		A20D0D4B28CB2ED7009D3DA8 /* Assets.xcassets in Resources */ = {isa = PBXBuildFile; fileRef = A20D0D4A28CB2ED7009D3DA8 /* Assets.xcassets */; };
		A20D0D4E28CB2ED7009D3DA8 /* Preview Assets.xcassets in Resources */ = {isa = PBXBuildFile; fileRef = A20D0D4D28CB2ED7009D3DA8 /* Preview Assets.xcassets */; };
		A20D0D5828CB4C6B009D3DA8 /* Game.swift in Sources */ = {isa = PBXBuildFile; fileRef = A20D0D5728CB4C6B009D3DA8 /* Game.swift */; };
		A234966328CE233C00DF6B32 /* shapes.swift in Sources */ = {isa = PBXBuildFile; fileRef = A234966228CE233C00DF6B32 /* shapes.swift */; };
		A257466528CE27D200CF504B /* RoundedViews.swift in Sources */ = {isa = PBXBuildFile; fileRef = A257466428CE27D200CF504B /* RoundedViews.swift */; };
		A257466728CE391400CF504B /* BackgroundView.swift in Sources */ = {isa = PBXBuildFile; fileRef = A257466628CE391400CF504B /* BackgroundView.swift */; };
		A2A2234F28CF5F4A00F5E863 /* PointsView.swift in Sources */ = {isa = PBXBuildFile; fileRef = A2A2234E28CF5F4A00F5E863 /* PointsView.swift */; };
		A2CA694D28CB6E4600907F0E /* Bulls_EyeTests.swift in Sources */ = {isa = PBXBuildFile; fileRef = A2CA694C28CB6E4600907F0E /* Bulls_EyeTests.swift */; };
/* End PBXBuildFile section */

/* Begin PBXContainerItemProxy section */
		A2CA694E28CB6E4600907F0E /* PBXContainerItemProxy */ = {
			isa = PBXContainerItemProxy;
			containerPortal = A20D0D3B28CB2ED5009D3DA8 /* Project object */;
			proxyType = 1;
			remoteGlobalIDString = A20D0D4228CB2ED5009D3DA8;
			remoteInfo = "Bulls Eye";
		};
/* End PBXContainerItemProxy section */

/* Begin PBXFileReference section */
		A203C1A228CCC999004B90ED /* TextViews.swift */ = {isa = PBXFileReference; lastKnownFileType = sourcecode.swift; path = TextViews.swift; sourceTree = "<group>"; };
		A20D0D4328CB2ED5009D3DA8 /* Bulls Eye.app */ = {isa = PBXFileReference; explicitFileType = wrapper.application; includeInIndex = 0; path = "Bulls Eye.app"; sourceTree = BUILT_PRODUCTS_DIR; };
		A20D0D4628CB2ED5009D3DA8 /* Bulls_EyeApp.swift */ = {isa = PBXFileReference; lastKnownFileType = sourcecode.swift; path = Bulls_EyeApp.swift; sourceTree = "<group>"; };
		A20D0D4828CB2ED5009D3DA8 /* ContentView.swift */ = {isa = PBXFileReference; lastKnownFileType = sourcecode.swift; path = ContentView.swift; sourceTree = "<group>"; };
		A20D0D4A28CB2ED7009D3DA8 /* Assets.xcassets */ = {isa = PBXFileReference; lastKnownFileType = folder.assetcatalog; path = Assets.xcassets; sourceTree = "<group>"; };
		A20D0D4D28CB2ED7009D3DA8 /* Preview Assets.xcassets */ = {isa = PBXFileReference; lastKnownFileType = folder.assetcatalog; path = "Preview Assets.xcassets"; sourceTree = "<group>"; };
		A20D0D5728CB4C6B009D3DA8 /* Game.swift */ = {isa = PBXFileReference; lastKnownFileType = sourcecode.swift; path = Game.swift; sourceTree = "<group>"; };
		A234966228CE233C00DF6B32 /* shapes.swift */ = {isa = PBXFileReference; lastKnownFileType = sourcecode.swift; path = shapes.swift; sourceTree = "<group>"; };
		A257466428CE27D200CF504B /* RoundedViews.swift */ = {isa = PBXFileReference; lastKnownFileType = sourcecode.swift; path = RoundedViews.swift; sourceTree = "<group>"; };
		A257466628CE391400CF504B /* BackgroundView.swift */ = {isa = PBXFileReference; lastKnownFileType = sourcecode.swift; path = BackgroundView.swift; sourceTree = "<group>"; };
		A2A2234E28CF5F4A00F5E863 /* PointsView.swift */ = {isa = PBXFileReference; lastKnownFileType = sourcecode.swift; path = PointsView.swift; sourceTree = "<group>"; };
		A2CA694A28CB6E4600907F0E /* Bulls EyeTests.xctest */ = {isa = PBXFileReference; explicitFileType = wrapper.cfbundle; includeInIndex = 0; path = "Bulls EyeTests.xctest"; sourceTree = BUILT_PRODUCTS_DIR; };
		A2CA694C28CB6E4600907F0E /* Bulls_EyeTests.swift */ = {isa = PBXFileReference; lastKnownFileType = sourcecode.swift; path = Bulls_EyeTests.swift; sourceTree = "<group>"; };
/* End PBXFileReference section */

/* Begin PBXFrameworksBuildPhase section */
		A20D0D4028CB2ED5009D3DA8 /* Frameworks */ = {
			isa = PBXFrameworksBuildPhase;
			buildActionMask = 2147483647;
			files = (
			);
			runOnlyForDeploymentPostprocessing = 0;
		};
		A2CA694728CB6E4600907F0E /* Frameworks */ = {
			isa = PBXFrameworksBuildPhase;
			buildActionMask = 2147483647;
			files = (
			);
			runOnlyForDeploymentPostprocessing = 0;
		};
/* End PBXFrameworksBuildPhase section */

/* Begin PBXGroup section */
		A20D0D3A28CB2ED5009D3DA8 = {
			isa = PBXGroup;
			children = (
				A20D0D4528CB2ED5009D3DA8 /* Bulls Eye */,
				A2CA694B28CB6E4600907F0E /* Bulls EyeTests */,
				A20D0D4428CB2ED5009D3DA8 /* Products */,
			);
			sourceTree = "<group>";
		};
		A20D0D4428CB2ED5009D3DA8 /* Products */ = {
			isa = PBXGroup;
			children = (
				A20D0D4328CB2ED5009D3DA8 /* Bulls Eye.app */,
				A2CA694A28CB6E4600907F0E /* Bulls EyeTests.xctest */,
			);
			name = Products;
			sourceTree = "<group>";
		};
		A20D0D4528CB2ED5009D3DA8 /* Bulls Eye */ = {
			isa = PBXGroup;
			children = (
				A20D0D5628CB4BB5009D3DA8 /* App */,
				A20D0D5528CB4B8F009D3DA8 /* Views */,
				A20D0D5428CB4B7E009D3DA8 /* Models */,
				A20D0D4C28CB2ED7009D3DA8 /* Preview Content */,
			);
			path = "Bulls Eye";
			sourceTree = "<group>";
		};
		A20D0D4C28CB2ED7009D3DA8 /* Preview Content */ = {
			isa = PBXGroup;
			children = (
				A20D0D4D28CB2ED7009D3DA8 /* Preview Assets.xcassets */,
			);
			path = "Preview Content";
			sourceTree = "<group>";
		};
		A20D0D5428CB4B7E009D3DA8 /* Models */ = {
			isa = PBXGroup;
			children = (
				A20D0D5728CB4C6B009D3DA8 /* Game.swift */,
			);
			path = Models;
			sourceTree = "<group>";
		};
		A20D0D5528CB4B8F009D3DA8 /* Views */ = {
			isa = PBXGroup;
			children = (
				A20D0D4828CB2ED5009D3DA8 /* ContentView.swift */,
				A203C1A228CCC999004B90ED /* TextViews.swift */,
				A234966228CE233C00DF6B32 /* shapes.swift */,
				A257466428CE27D200CF504B /* RoundedViews.swift */,
				A257466628CE391400CF504B /* BackgroundView.swift */,
				A2A2234E28CF5F4A00F5E863 /* PointsView.swift */,
			);
			path = Views;
			sourceTree = "<group>";
		};
		A20D0D5628CB4BB5009D3DA8 /* App */ = {
			isa = PBXGroup;
			children = (
				A20D0D4A28CB2ED7009D3DA8 /* Assets.xcassets */,
				A20D0D4628CB2ED5009D3DA8 /* Bulls_EyeApp.swift */,
			);
			path = App;
			sourceTree = "<group>";
		};
		A2CA694B28CB6E4600907F0E /* Bulls EyeTests */ = {
			isa = PBXGroup;
			children = (
				A2CA694C28CB6E4600907F0E /* Bulls_EyeTests.swift */,
			);
			path = "Bulls EyeTests";
			sourceTree = "<group>";
		};
/* End PBXGroup section */

/* Begin PBXNativeTarget section */
		A20D0D4228CB2ED5009D3DA8 /* Bulls Eye */ = {
			isa = PBXNativeTarget;
			buildConfigurationList = A20D0D5128CB2ED7009D3DA8 /* Build configuration list for PBXNativeTarget "Bulls Eye" */;
			buildPhases = (
				A20D0D3F28CB2ED5009D3DA8 /* Sources */,
				A20D0D4028CB2ED5009D3DA8 /* Frameworks */,
				A20D0D4128CB2ED5009D3DA8 /* Resources */,
			);
			buildRules = (
			);
			dependencies = (
			);
			name = "Bulls Eye";
			productName = "Bulls Eye";
			productReference = A20D0D4328CB2ED5009D3DA8 /* Bulls Eye.app */;
			productType = "com.apple.product-type.application";
		};
		A2CA694928CB6E4600907F0E /* Bulls EyeTests */ = {
			isa = PBXNativeTarget;
			buildConfigurationList = A2CA695228CB6E4600907F0E /* Build configuration list for PBXNativeTarget "Bulls EyeTests" */;
			buildPhases = (
				A2CA694628CB6E4600907F0E /* Sources */,
				A2CA694728CB6E4600907F0E /* Frameworks */,
				A2CA694828CB6E4600907F0E /* Resources */,
			);
			buildRules = (
			);
			dependencies = (
				A2CA694F28CB6E4600907F0E /* PBXTargetDependency */,
			);
			name = "Bulls EyeTests";
			productName = "Bulls EyeTests";
			productReference = A2CA694A28CB6E4600907F0E /* Bulls EyeTests.xctest */;
			productType = "com.apple.product-type.bundle.unit-test";
		};
/* End PBXNativeTarget section */

/* Begin PBXProject section */
		A20D0D3B28CB2ED5009D3DA8 /* Project object */ = {
			isa = PBXProject;
			attributes = {
				BuildIndependentTargetsInParallel = 1;
				LastSwiftUpdateCheck = 1340;
				LastUpgradeCheck = 1340;
				TargetAttributes = {
					A20D0D4228CB2ED5009D3DA8 = {
						CreatedOnToolsVersion = 13.4.1;
					};
					A2CA694928CB6E4600907F0E = {
						CreatedOnToolsVersion = 13.4.1;
						TestTargetID = A20D0D4228CB2ED5009D3DA8;
					};
				};
			};
			buildConfigurationList = A20D0D3E28CB2ED5009D3DA8 /* Build configuration list for PBXProject "Bulls Eye" */;
			compatibilityVersion = "Xcode 13.0";
			developmentRegion = en;
			hasScannedForEncodings = 0;
			knownRegions = (
				en,
				Base,
			);
			mainGroup = A20D0D3A28CB2ED5009D3DA8;
			productRefGroup = A20D0D4428CB2ED5009D3DA8 /* Products */;
			projectDirPath = "";
			projectRoot = "";
			targets = (
				A20D0D4228CB2ED5009D3DA8 /* Bulls Eye */,
				A2CA694928CB6E4600907F0E /* Bulls EyeTests */,
			);
		};
/* End PBXProject section */

/* Begin PBXResourcesBuildPhase section */
		A20D0D4128CB2ED5009D3DA8 /* Resources */ = {
			isa = PBXResourcesBuildPhase;
			buildActionMask = 2147483647;
			files = (
				A20D0D4E28CB2ED7009D3DA8 /* Preview Assets.xcassets in Resources */,
				A20D0D4B28CB2ED7009D3DA8 /* Assets.xcassets in Resources */,
			);
			runOnlyForDeploymentPostprocessing = 0;
		};
		A2CA694828CB6E4600907F0E /* Resources */ = {
			isa = PBXResourcesBuildPhase;
			buildActionMask = 2147483647;
			files = (
			);
			runOnlyForDeploymentPostprocessing = 0;
		};
/* End PBXResourcesBuildPhase section */

/* Begin PBXSourcesBuildPhase section */
		A20D0D3F28CB2ED5009D3DA8 /* Sources */ = {
			isa = PBXSourcesBuildPhase;
			buildActionMask = 2147483647;
			files = (
				A257466528CE27D200CF504B /* RoundedViews.swift in Sources */,
				A20D0D4928CB2ED5009D3DA8 /* ContentView.swift in Sources */,
				A203C1A328CCC999004B90ED /* TextViews.swift in Sources */,
				A2A2234F28CF5F4A00F5E863 /* PointsView.swift in Sources */,
				A257466728CE391400CF504B /* BackgroundView.swift in Sources */,
				A20D0D5828CB4C6B009D3DA8 /* Game.swift in Sources */,
				A234966328CE233C00DF6B32 /* shapes.swift in Sources */,
				A20D0D4728CB2ED5009D3DA8 /* Bulls_EyeApp.swift in Sources */,
			);
			runOnlyForDeploymentPostprocessing = 0;
		};
		A2CA694628CB6E4600907F0E /* Sources */ = {
			isa = PBXSourcesBuildPhase;
			buildActionMask = 2147483647;
			files = (
				A2CA694D28CB6E4600907F0E /* Bulls_EyeTests.swift in Sources */,
			);
			runOnlyForDeploymentPostprocessing = 0;
		};
/* End PBXSourcesBuildPhase section */

/* Begin PBXTargetDependency section */
		A2CA694F28CB6E4600907F0E /* PBXTargetDependency */ = {
			isa = PBXTargetDependency;
			target = A20D0D4228CB2ED5009D3DA8 /* Bulls Eye */;
			targetProxy = A2CA694E28CB6E4600907F0E /* PBXContainerItemProxy */;
		};
/* End PBXTargetDependency section */

/* Begin XCBuildConfiguration section */
		A20D0D4F28CB2ED7009D3DA8 /* Debug */ = {
			isa = XCBuildConfiguration;
			buildSettings = {
				ALWAYS_SEARCH_USER_PATHS = NO;
				CLANG_ANALYZER_NONNULL = YES;
				CLANG_ANALYZER_NUMBER_OBJECT_CONVERSION = YES_AGGRESSIVE;
				CLANG_CXX_LANGUAGE_STANDARD = "gnu++17";
				CLANG_ENABLE_MODULES = YES;
				CLANG_ENABLE_OBJC_ARC = YES;
				CLANG_ENABLE_OBJC_WEAK = YES;
				CLANG_WARN_BLOCK_CAPTURE_AUTORELEASING = YES;
				CLANG_WARN_BOOL_CONVERSION = YES;
				CLANG_WARN_COMMA = YES;
				CLANG_WARN_CONSTANT_CONVERSION = YES;
				CLANG_WARN_DEPRECATED_OBJC_IMPLEMENTATIONS = YES;
				CLANG_WARN_DIRECT_OBJC_ISA_USAGE = YES_ERROR;
				CLANG_WARN_DOCUMENTATION_COMMENTS = YES;
				CLANG_WARN_EMPTY_BODY = YES;
				CLANG_WARN_ENUM_CONVERSION = YES;
				CLANG_WARN_INFINITE_RECURSION = YES;
				CLANG_WARN_INT_CONVERSION = YES;
				CLANG_WARN_NON_LITERAL_NULL_CONVERSION = YES;
				CLANG_WARN_OBJC_IMPLICIT_RETAIN_SELF = YES;
				CLANG_WARN_OBJC_LITERAL_CONVERSION = YES;
				CLANG_WARN_OBJC_ROOT_CLASS = YES_ERROR;
				CLANG_WARN_QUOTED_INCLUDE_IN_FRAMEWORK_HEADER = YES;
				CLANG_WARN_RANGE_LOOP_ANALYSIS = YES;
				CLANG_WARN_STRICT_PROTOTYPES = YES;
				CLANG_WARN_SUSPICIOUS_MOVE = YES;
				CLANG_WARN_UNGUARDED_AVAILABILITY = YES_AGGRESSIVE;
				CLANG_WARN_UNREACHABLE_CODE = YES;
				CLANG_WARN__DUPLICATE_METHOD_MATCH = YES;
				COPY_PHASE_STRIP = NO;
				DEBUG_INFORMATION_FORMAT = dwarf;
				ENABLE_STRICT_OBJC_MSGSEND = YES;
				ENABLE_TESTABILITY = YES;
				GCC_C_LANGUAGE_STANDARD = gnu11;
				GCC_DYNAMIC_NO_PIC = NO;
				GCC_NO_COMMON_BLOCKS = YES;
				GCC_OPTIMIZATION_LEVEL = 0;
				GCC_PREPROCESSOR_DEFINITIONS = (
					"DEBUG=1",
					"$(inherited)",
				);
				GCC_WARN_64_TO_32_BIT_CONVERSION = YES;
				GCC_WARN_ABOUT_RETURN_TYPE = YES_ERROR;
				GCC_WARN_UNDECLARED_SELECTOR = YES;
				GCC_WARN_UNINITIALIZED_AUTOS = YES_AGGRESSIVE;
				GCC_WARN_UNUSED_FUNCTION = YES;
				GCC_WARN_UNUSED_VARIABLE = YES;
				IPHONEOS_DEPLOYMENT_TARGET = 15.5;
				MTL_ENABLE_DEBUG_INFO = INCLUDE_SOURCE;
				MTL_FAST_MATH = YES;
				ONLY_ACTIVE_ARCH = YES;
				SDKROOT = iphoneos;
				SWIFT_ACTIVE_COMPILATION_CONDITIONS = DEBUG;
				SWIFT_OPTIMIZATION_LEVEL = "-Onone";
			};
			name = Debug;
		};
		A20D0D5028CB2ED7009D3DA8 /* Release */ = {
			isa = XCBuildConfiguration;
			buildSettings = {
				ALWAYS_SEARCH_USER_PATHS = NO;
				CLANG_ANALYZER_NONNULL = YES;
				CLANG_ANALYZER_NUMBER_OBJECT_CONVERSION = YES_AGGRESSIVE;
				CLANG_CXX_LANGUAGE_STANDARD = "gnu++17";
				CLANG_ENABLE_MODULES = YES;
				CLANG_ENABLE_OBJC_ARC = YES;
				CLANG_ENABLE_OBJC_WEAK = YES;
				CLANG_WARN_BLOCK_CAPTURE_AUTORELEASING = YES;
				CLANG_WARN_BOOL_CONVERSION = YES;
				CLANG_WARN_COMMA = YES;
				CLANG_WARN_CONSTANT_CONVERSION = YES;
				CLANG_WARN_DEPRECATED_OBJC_IMPLEMENTATIONS = YES;
				CLANG_WARN_DIRECT_OBJC_ISA_USAGE = YES_ERROR;
				CLANG_WARN_DOCUMENTATION_COMMENTS = YES;
				CLANG_WARN_EMPTY_BODY = YES;
				CLANG_WARN_ENUM_CONVERSION = YES;
				CLANG_WARN_INFINITE_RECURSION = YES;
				CLANG_WARN_INT_CONVERSION = YES;
				CLANG_WARN_NON_LITERAL_NULL_CONVERSION = YES;
				CLANG_WARN_OBJC_IMPLICIT_RETAIN_SELF = YES;
				CLANG_WARN_OBJC_LITERAL_CONVERSION = YES;
				CLANG_WARN_OBJC_ROOT_CLASS = YES_ERROR;
				CLANG_WARN_QUOTED_INCLUDE_IN_FRAMEWORK_HEADER = YES;
				CLANG_WARN_RANGE_LOOP_ANALYSIS = YES;
				CLANG_WARN_STRICT_PROTOTYPES = YES;
				CLANG_WARN_SUSPICIOUS_MOVE = YES;
				CLANG_WARN_UNGUARDED_AVAILABILITY = YES_AGGRESSIVE;
				CLANG_WARN_UNREACHABLE_CODE = YES;
				CLANG_WARN__DUPLICATE_METHOD_MATCH = YES;
				COPY_PHASE_STRIP = NO;
				DEBUG_INFORMATION_FORMAT = "dwarf-with-dsym";
				ENABLE_NS_ASSERTIONS = NO;
				ENABLE_STRICT_OBJC_MSGSEND = YES;
				GCC_C_LANGUAGE_STANDARD = gnu11;
				GCC_NO_COMMON_BLOCKS = YES;
				GCC_WARN_64_TO_32_BIT_CONVERSION = YES;
				GCC_WARN_ABOUT_RETURN_TYPE = YES_ERROR;
				GCC_WARN_UNDECLARED_SELECTOR = YES;
				GCC_WARN_UNINITIALIZED_AUTOS = YES_AGGRESSIVE;
				GCC_WARN_UNUSED_FUNCTION = YES;
				GCC_WARN_UNUSED_VARIABLE = YES;
				IPHONEOS_DEPLOYMENT_TARGET = 15.5;
				MTL_ENABLE_DEBUG_INFO = NO;
				MTL_FAST_MATH = YES;
				SDKROOT = iphoneos;
				SWIFT_COMPILATION_MODE = wholemodule;
				SWIFT_OPTIMIZATION_LEVEL = "-O";
				VALIDATE_PRODUCT = YES;
			};
			name = Release;
		};
		A20D0D5228CB2ED7009D3DA8 /* Debug */ = {
			isa = XCBuildConfiguration;
			buildSettings = {
				ASSETCATALOG_COMPILER_APPICON_NAME = AppIcon;
				ASSETCATALOG_COMPILER_GLOBAL_ACCENT_COLOR_NAME = AccentColor;
				CODE_SIGN_STYLE = Automatic;
				CURRENT_PROJECT_VERSION = 1;
				DEVELOPMENT_ASSET_PATHS = "\"Bulls Eye/Preview Content\"";
				DEVELOPMENT_TEAM = 79CS75S5DL;
				ENABLE_PREVIEWS = YES;
				GENERATE_INFOPLIST_FILE = YES;
				INFOPLIST_FILE = "";
				INFOPLIST_KEY_UIApplicationSceneManifest_Generation = YES;
				INFOPLIST_KEY_UIApplicationSupportsIndirectInputEvents = YES;
				INFOPLIST_KEY_UILaunchScreen_Generation = YES;
				INFOPLIST_KEY_UISupportedInterfaceOrientations_iPad = "UIInterfaceOrientationPortrait UIInterfaceOrientationPortraitUpsideDown UIInterfaceOrientationLandscapeLeft UIInterfaceOrientationLandscapeRight";
				INFOPLIST_KEY_UISupportedInterfaceOrientations_iPhone = "UIInterfaceOrientationPortrait UIInterfaceOrientationLandscapeLeft UIInterfaceOrientationLandscapeRight";
				LD_RUNPATH_SEARCH_PATHS = (
					"$(inherited)",
					"@executable_path/Frameworks",
				);
				MARKETING_VERSION = 1.0;
				PRODUCT_BUNDLE_IDENTIFIER = "com.celilcagataygedik.Bulls-Eye";
				PRODUCT_NAME = "$(TARGET_NAME)";
				SWIFT_EMIT_LOC_STRINGS = YES;
				SWIFT_VERSION = 5.0;
				TARGETED_DEVICE_FAMILY = "1,2";
			};
			name = Debug;
		};
		A20D0D5328CB2ED7009D3DA8 /* Release */ = {
			isa = XCBuildConfiguration;
			buildSettings = {
				ASSETCATALOG_COMPILER_APPICON_NAME = AppIcon;
				ASSETCATALOG_COMPILER_GLOBAL_ACCENT_COLOR_NAME = AccentColor;
				CODE_SIGN_STYLE = Automatic;
				CURRENT_PROJECT_VERSION = 1;
				DEVELOPMENT_ASSET_PATHS = "\"Bulls Eye/Preview Content\"";
				DEVELOPMENT_TEAM = 79CS75S5DL;
				ENABLE_PREVIEWS = YES;
				GENERATE_INFOPLIST_FILE = YES;
				INFOPLIST_FILE = "";
				INFOPLIST_KEY_UIApplicationSceneManifest_Generation = YES;
				INFOPLIST_KEY_UIApplicationSupportsIndirectInputEvents = YES;
				INFOPLIST_KEY_UILaunchScreen_Generation = YES;
				INFOPLIST_KEY_UISupportedInterfaceOrientations_iPad = "UIInterfaceOrientationPortrait UIInterfaceOrientationPortraitUpsideDown UIInterfaceOrientationLandscapeLeft UIInterfaceOrientationLandscapeRight";
				INFOPLIST_KEY_UISupportedInterfaceOrientations_iPhone = "UIInterfaceOrientationPortrait UIInterfaceOrientationLandscapeLeft UIInterfaceOrientationLandscapeRight";
				LD_RUNPATH_SEARCH_PATHS = (
					"$(inherited)",
					"@executable_path/Frameworks",
				);
				MARKETING_VERSION = 1.0;
				PRODUCT_BUNDLE_IDENTIFIER = "com.celilcagataygedik.Bulls-Eye";
				PRODUCT_NAME = "$(TARGET_NAME)";
				SWIFT_EMIT_LOC_STRINGS = YES;
				SWIFT_VERSION = 5.0;
				TARGETED_DEVICE_FAMILY = "1,2";
			};
			name = Release;
		};
		A2CA695028CB6E4600907F0E /* Debug */ = {
			isa = XCBuildConfiguration;
			buildSettings = {
				BUNDLE_LOADER = "$(TEST_HOST)";
				CODE_SIGN_STYLE = Automatic;
				CURRENT_PROJECT_VERSION = 1;
				DEVELOPMENT_TEAM = 79CS75S5DL;
				GENERATE_INFOPLIST_FILE = YES;
				MARKETING_VERSION = 1.0;
				PRODUCT_BUNDLE_IDENTIFIER = "com.celilcagataygedik.Bulls-EyeTests";
				PRODUCT_NAME = "$(TARGET_NAME)";
				SWIFT_EMIT_LOC_STRINGS = NO;
				SWIFT_VERSION = 5.0;
				TARGETED_DEVICE_FAMILY = "1,2";
				TEST_HOST = "$(BUILT_PRODUCTS_DIR)/Bulls Eye.app/Bulls Eye";
			};
			name = Debug;
		};
		A2CA695128CB6E4600907F0E /* Release */ = {
			isa = XCBuildConfiguration;
			buildSettings = {
				BUNDLE_LOADER = "$(TEST_HOST)";
				CODE_SIGN_STYLE = Automatic;
				CURRENT_PROJECT_VERSION = 1;
				DEVELOPMENT_TEAM = 79CS75S5DL;
				GENERATE_INFOPLIST_FILE = YES;
				MARKETING_VERSION = 1.0;
				PRODUCT_BUNDLE_IDENTIFIER = "com.celilcagataygedik.Bulls-EyeTests";
				PRODUCT_NAME = "$(TARGET_NAME)";
				SWIFT_EMIT_LOC_STRINGS = NO;
				SWIFT_VERSION = 5.0;
				TARGETED_DEVICE_FAMILY = "1,2";
				TEST_HOST = "$(BUILT_PRODUCTS_DIR)/Bulls Eye.app/Bulls Eye";
			};
			name = Release;
		};
/* End XCBuildConfiguration section */

/* Begin XCConfigurationList section */
		A20D0D3E28CB2ED5009D3DA8 /* Build configuration list for PBXProject "Bulls Eye" */ = {
			isa = XCConfigurationList;
			buildConfigurations = (
				A20D0D4F28CB2ED7009D3DA8 /* Debug */,
				A20D0D5028CB2ED7009D3DA8 /* Release */,
			);
			defaultConfigurationIsVisible = 0;
			defaultConfigurationName = Release;
		};
		A20D0D5128CB2ED7009D3DA8 /* Build configuration list for PBXNativeTarget "Bulls Eye" */ = {
			isa = XCConfigurationList;
			buildConfigurations = (
				A20D0D5228CB2ED7009D3DA8 /* Debug */,
				A20D0D5328CB2ED7009D3DA8 /* Release */,
			);
			defaultConfigurationIsVisible = 0;
			defaultConfigurationName = Release;
		};
		A2CA695228CB6E4600907F0E /* Build configuration list for PBXNativeTarget "Bulls EyeTests" */ = {
			isa = XCConfigurationList;
			buildConfigurations = (
				A2CA695028CB6E4600907F0E /* Debug */,
				A2CA695128CB6E4600907F0E /* Release */,
			);
			defaultConfigurationIsVisible = 0;
			defaultConfigurationName = Release;
		};
/* End XCConfigurationList section */
	};
	rootObject = A20D0D3B28CB2ED5009D3DA8 /* Project object */;
}
